
Microsoft Visual Studio Solution File, Format Version 12.00
# Visual Studio Version 16
VisualStudioVersion = 16.0.28803.352
MinimumVisualStudioVersion = 10.0.40219.1
Project("{9A19103F-16F7-4668-BE54-9A1E7A4F7556}") = "EFCore.ModelBuilderExtensions", "EFCore.ModelBuilderExtensions\EFCore.ModelBuilderExtensions.csproj", "{8E73B9F3-6B24-4946-9B4F-AC2D3F8C617D}"
EndProject
Global
	GlobalSection(SolutionConfigurationPlatforms) = preSolution
		Debug|Any CPU = Debug|Any CPU
		Release|Any CPU = Release|Any CPU
	EndGlobalSection
	GlobalSection(ProjectConfigurationPlatforms) = postSolution
		{8E73B9F3-6B24-4946-9B4F-AC2D3F8C617D}.Debug|Any CPU.ActiveCfg = Debug|Any CPU
		{8E73B9F3-6B24-4946-9B4F-AC2D3F8C617D}.Debug|Any CPU.Build.0 = Debug|Any CPU
		{8E73B9F3-6B24-4946-9B4F-AC2D3F8C617D}.Release|Any CPU.ActiveCfg = Release|Any CPU
		{8E73B9F3-6B24-4946-9B4F-AC2D3F8C617D}.Release|Any CPU.Build.0 = Release|Any CPU
	EndGlobalSection
	GlobalSection(SolutionProperties) = preSolution
		HideSolutionNode = FALSE
	EndGlobalSection
	GlobalSection(ExtensibilityGlobals) = postSolution
		SolutionGuid = {F6A0A543-5778-409B-82CD-F4FA2771C1EA}
	EndGlobalSection
EndGlobal
